
Microsoft Visual Studio Solution File, Format Version 12.00
# Visual Studio Version 17
VisualStudioVersion = 17.3.32922.545
MinimumVisualStudioVersion = 10.0.40219.1
Project("{FAE04EC0-301F-11D3-BF4B-00C04F79EFBC}") = "Imperium Choszczno", "Imperium Choszczno.csproj", "{1332FBF4-19E7-487B-815C-7ADDCF8C4011}"
EndProject
Global
	GlobalSection(SolutionConfigurationPlatforms) = preSolution
		Debug|Any CPU = Debug|Any CPU
		Release|Any CPU = Release|Any CPU
	EndGlobalSection
	GlobalSection(ProjectConfigurationPlatforms) = postSolution
		{1332FBF4-19E7-487B-815C-7ADDCF8C4011}.Debug|Any CPU.ActiveCfg = Debug|Any CPU
		{1332FBF4-19E7-487B-815C-7ADDCF8C4011}.Debug|Any CPU.Build.0 = Debug|Any CPU
		{1332FBF4-19E7-487B-815C-7ADDCF8C4011}.Release|Any CPU.ActiveCfg = Release|Any CPU
		{1332FBF4-19E7-487B-815C-7ADDCF8C4011}.Release|Any CPU.Build.0 = Release|Any CPU
	EndGlobalSection
	GlobalSection(SolutionProperties) = preSolution
		HideSolutionNode = FALSE
	EndGlobalSection
	GlobalSection(ExtensibilityGlobals) = postSolution
		SolutionGuid = {7DDA1CEB-86C8-4F83-B587-34A61EEBA70B}
	EndGlobalSection
EndGlobal
